
Microsoft Visual Studio Solution File, Format Version 12.00
# Visual Studio Version 17
VisualStudioVersion = 17.1.32319.34
MinimumVisualStudioVersion = 10.0.40219.1
Project("{FAE04EC0-301F-11D3-BF4B-00C04F79EFBC}") = "The_Valume_Of-Cylinder", "The_Valume_Of-Cylinder\The_Valume_Of-Cylinder.csproj", "{D390B9D9-DC0E-44DB-8BB5-14D96F7FBBBE}"
EndProject
Global
	GlobalSection(SolutionConfigurationPlatforms) = preSolution
		Debug|Any CPU = Debug|Any CPU
		Release|Any CPU = Release|Any CPU
	EndGlobalSection
	GlobalSection(ProjectConfigurationPlatforms) = postSolution
		{D390B9D9-DC0E-44DB-8BB5-14D96F7FBBBE}.Debug|Any CPU.ActiveCfg = Debug|Any CPU
		{D390B9D9-DC0E-44DB-8BB5-14D96F7FBBBE}.Debug|Any CPU.Build.0 = Debug|Any CPU
		{D390B9D9-DC0E-44DB-8BB5-14D96F7FBBBE}.Release|Any CPU.ActiveCfg = Release|Any CPU
		{D390B9D9-DC0E-44DB-8BB5-14D96F7FBBBE}.Release|Any CPU.Build.0 = Release|Any CPU
	EndGlobalSection
	GlobalSection(SolutionProperties) = preSolution
		HideSolutionNode = FALSE
	EndGlobalSection
	GlobalSection(ExtensibilityGlobals) = postSolution
		SolutionGuid = {D7C64319-9945-41B4-9857-1F68E0965E0D}
	EndGlobalSection
EndGlobal
